// !$*UTF8*$!
{
	archiveVersion = 1;
	classes = {
	};
	objectVersion = 46;
	objects = {

/* Begin PBXBuildFile section */
		381EC88B1F6B9AF000758F23 /* AppDelegate.swift in Sources */ = {isa = PBXBuildFile; fileRef = 381EC88A1F6B9AF000758F23 /* AppDelegate.swift */; };
		381EC88D1F6B9AF000758F23 /* ViewController.swift in Sources */ = {isa = PBXBuildFile; fileRef = 381EC88C1F6B9AF000758F23 /* ViewController.swift */; };
		381EC8901F6B9AF000758F23 /* Main.storyboard in Resources */ = {isa = PBXBuildFile; fileRef = 381EC88E1F6B9AF000758F23 /* Main.storyboard */; };
		381EC8921F6B9AF000758F23 /* Assets.xcassets in Resources */ = {isa = PBXBuildFile; fileRef = 381EC8911F6B9AF000758F23 /* Assets.xcassets */; };
		381EC8951F6B9AF000758F23 /* LaunchScreen.storyboard in Resources */ = {isa = PBXBuildFile; fileRef = 381EC8931F6B9AF000758F23 /* LaunchScreen.storyboard */; };
/* End PBXBuildFile section */

/* Begin PBXFileReference section */
		381EC8871F6B9AF000758F23 /* MyApp01.app */ = {isa = PBXFileReference; explicitFileType = wrapper.application; includeInIndex = 0; path = MyApp01.app; sourceTree = BUILT_PRODUCTS_DIR; };
		381EC88A1F6B9AF000758F23 /* AppDelegate.swift */ = {isa = PBXFileReference; lastKnownFileType = sourcecode.swift; path = AppDelegate.swift; sourceTree = "<group>"; };
		381EC88C1F6B9AF000758F23 /* ViewController.swift */ = {isa = PBXFileReference; lastKnownFileType = sourcecode.swift; path = ViewController.swift; sourceTree = "<group>"; };
		381EC88F1F6B9AF000758F23 /* Base */ = {isa = PBXFileReference; lastKnownFileType = file.storyboard; name = Base; path = Base.lproj/Main.storyboard; sourceTree = "<group>"; };
		381EC8911F6B9AF000758F23 /* Assets.xcassets */ = {isa = PBXFileReference; lastKnownFileType = folder.assetcatalog; path = Assets.xcassets; sourceTree = "<group>"; };
		381EC8941F6B9AF000758F23 /* Base */ = {isa = PBXFileReference; lastKnownFileType = file.storyboard; name = Base; path = Base.lproj/LaunchScreen.storyboard; sourceTree = "<group>"; };
		381EC8961F6B9AF000758F23 /* Info.plist */ = {isa = PBXFileReference; lastKnownFileType = text.plist.xml; path = Info.plist; sourceTree = "<group>"; };
/* End PBXFileReference section */

/* Begin PBXFrameworksBuildPhase section */
		381EC8841F6B9AF000758F23 /* Frameworks */ = {
			isa = PBXFrameworksBuildPhase;
			buildActionMask = 2147483647;
			files = (
			);
			runOnlyForDeploymentPostprocessing = 0;
		};
/* End PBXFrameworksBuildPhase section */

/* Begin PBXGroup section */
		381EC87E1F6B9AF000758F23 = {
			isa = PBXGroup;
			children = (
				381EC8891F6B9AF000758F23 /* MyApp01 */,
				381EC8881F6B9AF000758F23 /* Products */,
			);
			sourceTree = "<group>";
		};
		381EC8881F6B9AF000758F23 /* Products */ = {
			isa = PBXGroup;
			children = (
				381EC8871F6B9AF000758F23 /* MyApp01.app */,
			);
			name = Products;
			sourceTree = "<group>";
		};
		381EC8891F6B9AF000758F23 /* MyApp01 */ = {
			isa = PBXGroup;
			children = (
				381EC88A1F6B9AF000758F23 /* AppDelegate.swift */,
				381EC88C1F6B9AF000758F23 /* ViewController.swift */,
				381EC88E1F6B9AF000758F23 /* Main.storyboard */,
				381EC8911F6B9AF000758F23 /* Assets.xcassets */,
				381EC8931F6B9AF000758F23 /* LaunchScreen.storyboard */,
				381EC8961F6B9AF000758F23 /* Info.plist */,
			);
			path = MyApp01;
			sourceTree = "<group>";
		};
/* End PBXGroup section */

/* Begin PBXNativeTarget section */
		381EC8861F6B9AF000758F23 /* MyApp01 */ = {
			isa = PBXNativeTarget;
			buildConfigurationList = 381EC8991F6B9AF000758F23 /* Build configuration list for PBXNativeTarget "MyApp01" */;
			buildPhases = (
				381EC8831F6B9AF000758F23 /* Sources */,
				381EC8841F6B9AF000758F23 /* Frameworks */,
				381EC8851F6B9AF000758F23 /* Resources */,
			);
			buildRules = (
			);
			dependencies = (
			);
			name = MyApp01;
			productName = MyApp01;
			productReference = 381EC8871F6B9AF000758F23 /* MyApp01.app */;
			productType = "com.apple.product-type.application";
		};
/* End PBXNativeTarget section */

/* Begin PBXProject section */
		381EC87F1F6B9AF000758F23 /* Project object */ = {
			isa = PBXProject;
			attributes = {
				LastSwiftUpdateCheck = 0830;
				LastUpgradeCheck = 0830;
				ORGANIZATIONNAME = "Nina Big Company";
				TargetAttributes = {
					381EC8861F6B9AF000758F23 = {
						CreatedOnToolsVersion = 8.3.3;
						DevelopmentTeam = 72XHQCT4TW;
						ProvisioningStyle = Automatic;
					};
				};
			};
			buildConfigurationList = 381EC8821F6B9AF000758F23 /* Build configuration list for PBXProject "MyApp01" */;
			compatibilityVersion = "Xcode 3.2";
			developmentRegion = English;
			hasScannedForEncodings = 0;
			knownRegions = (
				en,
				Base,
			);
			mainGroup = 381EC87E1F6B9AF000758F23;
			productRefGroup = 381EC8881F6B9AF000758F23 /* Products */;
			projectDirPath = "";
			projectRoot = "";
			targets = (
				381EC8861F6B9AF000758F23 /* MyApp01 */,
			);
		};
/* End PBXProject section */

/* Begin PBXResourcesBuildPhase section */
		381EC8851F6B9AF000758F23 /* Resources */ = {
			isa = PBXResourcesBuildPhase;
			buildActionMask = 2147483647;
			files = (
				381EC8951F6B9AF000758F23 /* LaunchScreen.storyboard in Resources */,
				381EC8921F6B9AF000758F23 /* Assets.xcassets in Resources */,
				381EC8901F6B9AF000758F23 /* Main.storyboard in Resources */,
			);
			runOnlyForDeploymentPostprocessing = 0;
		};
/* End PBXResourcesBuildPhase section */

/* Begin PBXSourcesBuildPhase section */
		381EC8831F6B9AF000758F23 /* Sources */ = {
			isa = PBXSourcesBuildPhase;
			buildActionMask = 2147483647;
			files = (
				381EC88D1F6B9AF000758F23 /* ViewController.swift in Sources */,
				381EC88B1F6B9AF000758F23 /* AppDelegate.swift in Sources */,
			);
			runOnlyForDeploymentPostprocessing = 0;
		};
/* End PBXSourcesBuildPhase section */

/* Begin PBXVariantGroup section */
		381EC88E1F6B9AF000758F23 /* Main.storyboard */ = {
			isa = PBXVariantGroup;
			children = (
				381EC88F1F6B9AF000758F23 /* Base */,
			);
			name = Main.storyboard;
			sourceTree = "<group>";
		};
		381EC8931F6B9AF000758F23 /* LaunchScreen.storyboard */ = {
			isa = PBXVariantGroup;
			children = (
				381EC8941F6B9AF000758F23 /* Base */,
			);
			name = LaunchScreen.storyboard;
			sourceTree = "<group>";
		};
/* End PBXVariantGroup section */

/* Begin XCBuildConfiguration section */
		381EC8971F6B9AF000758F23 /* Debug */ = {
			isa = XCBuildConfiguration;
			buildSettings = {
				ALWAYS_SEARCH_USER_PATHS = NO;
				CLANG_ANALYZER_NONNULL = YES;
				CLANG_ANALYZER_NUMBER_OBJECT_CONVERSION = YES_AGGRESSIVE;
				CLANG_CXX_LANGUAGE_STANDARD = "gnu++0x";
				CLANG_CXX_LIBRARY = "libc++";
				CLANG_ENABLE_MODULES = YES;
				CLANG_ENABLE_OBJC_ARC = YES;
				CLANG_WARN_BOOL_CONVERSION = YES;
				CLANG_WARN_CONSTANT_CONVERSION = YES;
				CLANG_WARN_DIRECT_OBJC_ISA_USAGE = YES_ERROR;
				CLANG_WARN_DOCUMENTATION_COMMENTS = YES;
				CLANG_WARN_EMPTY_BODY = YES;
				CLANG_WARN_ENUM_CONVERSION = YES;
				CLANG_WARN_INFINITE_RECURSION = YES;
				CLANG_WARN_INT_CONVERSION = YES;
				CLANG_WARN_OBJC_ROOT_CLASS = YES_ERROR;
				CLANG_WARN_SUSPICIOUS_MOVE = YES;
				CLANG_WARN_UNREACHABLE_CODE = YES;
				CLANG_WARN__DUPLICATE_METHOD_MATCH = YES;
				"CODE_SIGN_IDENTITY[sdk=iphoneos*]" = "iPhone Developer";
				COPY_PHASE_STRIP = NO;
				DEBUG_INFORMATION_FORMAT = dwarf;
				ENABLE_STRICT_OBJC_MSGSEND = YES;
				ENABLE_TESTABILITY = YES;
				GCC_C_LANGUAGE_STANDARD = gnu99;
				GCC_DYNAMIC_NO_PIC = NO;
				GCC_NO_COMMON_BLOCKS = YES;
				GCC_OPTIMIZATION_LEVEL = 0;
				GCC_PREPROCESSOR_DEFINITIONS = (
					"DEBUG=1",
					"$(inherited)",
				);
				GCC_WARN_64_TO_32_BIT_CONVERSION = YES;
				GCC_WARN_ABOUT_RETURN_TYPE = YES_ERROR;
				GCC_WARN_UNDECLARED_SELECTOR = YES;
				GCC_WARN_UNINITIALIZED_AUTOS = YES_AGGRESSIVE;
				GCC_WARN_UNUSED_FUNCTION = YES;
				GCC_WARN_UNUSED_VARIABLE = YES;
				IPHONEOS_DEPLOYMENT_TARGET = 10.3;
				MTL_ENABLE_DEBUG_INFO = YES;
				ONLY_ACTIVE_ARCH = YES;
				SDKROOT = iphoneos;
				SWIFT_ACTIVE_COMPILATION_CONDITIONS = DEBUG;
				SWIFT_OPTIMIZATION_LEVEL = "-Onone";
				TARGETED_DEVICE_FAMILY = "1,2";
			};
			name = Debug;
		};
		381EC8981F6B9AF000758F23 /* Release */ = {
			isa = XCBuildConfiguration;
			buildSettings = {
				ALWAYS_SEARCH_USER_PATHS = NO;
				CLANG_ANALYZER_NONNULL = YES;
				CLANG_ANALYZER_NUMBER_OBJECT_CONVERSION = YES_AGGRESSIVE;
				CLANG_CXX_LANGUAGE_STANDARD = "gnu++0x";
				CLANG_CXX_LIBRARY = "libc++";
				CLANG_ENABLE_MODULES = YES;
				CLANG_ENABLE_OBJC_ARC = YES;
				CLANG_WARN_BOOL_CONVERSION = YES;
				CLANG_WARN_CONSTANT_CONVERSION = YES;
				CLANG_WARN_DIRECT_OBJC_ISA_USAGE = YES_ERROR;
				CLANG_WARN_DOCUMENTATION_COMMENTS = YES;
				CLANG_WARN_EMPTY_BODY = YES;
				CLANG_WARN_ENUM_CONVERSION = YES;
				CLANG_WARN_INFINITE_RECURSION = YES;
				CLANG_WARN_INT_CONVERSION = YES;
				CLANG_WARN_OBJC_ROOT_CLASS = YES_ERROR;
				CLANG_WARN_SUSPICIOUS_MOVE = YES;
				CLANG_WARN_UNREACHABLE_CODE = YES;
				CLANG_WARN__DUPLICATE_METHOD_MATCH = YES;
				"CODE_SIGN_IDENTITY[sdk=iphoneos*]" = "iPhone Developer";
				COPY_PHASE_STRIP = NO;
				DEBUG_INFORMATION_FORMAT = "dwarf-with-dsym";
				ENABLE_NS_ASSERTIONS = NO;
				ENABLE_STRICT_OBJC_MSGSEND = YES;
				GCC_C_LANGUAGE_STANDARD = gnu99;
				GCC_NO_COMMON_BLOCKS = YES;
				GCC_WARN_64_TO_32_BIT_CONVERSION = YES;
				GCC_WARN_ABOUT_RETURN_TYPE = YES_ERROR;
				GCC_WARN_UNDECLARED_SELECTOR = YES;
				GCC_WARN_UNINITIALIZED_AUTOS = YES_AGGRESSIVE;
				GCC_WARN_UNUSED_FUNCTION = YES;
				GCC_WARN_UNUSED_VARIABLE = YES;
				IPHONEOS_DEPLOYMENT_TARGET = 10.3;
				MTL_ENABLE_DEBUG_INFO = NO;
				SDKROOT = iphoneos;
				SWIFT_OPTIMIZATION_LEVEL = "-Owholemodule";
				TARGETED_DEVICE_FAMILY = "1,2";
				VALIDATE_PRODUCT = YES;
			};
			name = Release;
		};
		381EC89A1F6B9AF000758F23 /* Debug */ = {
			isa = XCBuildConfiguration;
			buildSettings = {
				ASSETCATALOG_COMPILER_APPICON_NAME = AppIcon;
				DEVELOPMENT_TEAM = 72XHQCT4TW;
				INFOPLIST_FILE = MyApp01/Info.plist;
				LD_RUNPATH_SEARCH_PATHS = "$(inherited) @executable_path/Frameworks";
				PRODUCT_BUNDLE_IDENTIFIER = tw.org.iii.MyApp01;
				PRODUCT_NAME = "$(TARGET_NAME)";
				SWIFT_VERSION = 3.0;
			};
			name = Debug;
		};
		381EC89B1F6B9AF000758F23 /* Release */ = {
			isa = XCBuildConfiguration;
			buildSettings = {
				ASSETCATALOG_COMPILER_APPICON_NAME = AppIcon;
				DEVELOPMENT_TEAM = 72XHQCT4TW;
				INFOPLIST_FILE = MyApp01/Info.plist;
				LD_RUNPATH_SEARCH_PATHS = "$(inherited) @executable_path/Frameworks";
				PRODUCT_BUNDLE_IDENTIFIER = tw.org.iii.MyApp01;
				PRODUCT_NAME = "$(TARGET_NAME)";
				SWIFT_VERSION = 3.0;
			};
			name = Release;
		};
/* End XCBuildConfiguration section */

/* Begin XCConfigurationList section */
		381EC8821F6B9AF000758F23 /* Build configuration list for PBXProject "MyApp01" */ = {
			isa = XCConfigurationList;
			buildConfigurations = (
				381EC8971F6B9AF000758F23 /* Debug */,
				381EC8981F6B9AF000758F23 /* Release */,
			);
			defaultConfigurationIsVisible = 0;
			defaultConfigurationName = Release;
		};
		381EC8991F6B9AF000758F23 /* Build configuration list for PBXNativeTarget "MyApp01" */ = {
			isa = XCConfigurationList;
			buildConfigurations = (
				381EC89A1F6B9AF000758F23 /* Debug */,
				381EC89B1F6B9AF000758F23 /* Release */,
			);
			defaultConfigurationIsVisible = 0;
		};
/* End XCConfigurationList section */
	};
	rootObject = 381EC87F1F6B9AF000758F23 /* Project object */;
}
